
Microsoft Visual Studio Solution File, Format Version 12.00
# Visual Studio Version 16
VisualStudioVersion = 16.0.29324.140
MinimumVisualStudioVersion = 15.0.26124.0
Project("{9A19103F-16F7-4668-BE54-9A1E7A4F7556}") = "birdwatch", "birdwatch\birdwatch.csproj", "{890C554E-89EF-4C16-99C0-A44D46DA8493}"
EndProject
Project("{9A19103F-16F7-4668-BE54-9A1E7A4F7556}") = "birdwatch.Tests", "birdwatch.Tests\birdwatch.Tests.csproj", "{23A7601C-CB3E-480B-A4D7-56370DE4F6A3}"
EndProject
Global
	GlobalSection(SolutionConfigurationPlatforms) = preSolution
		Debug|Any CPU = Debug|Any CPU
		Debug|x64 = Debug|x64
		Debug|x86 = Debug|x86
		Release|Any CPU = Release|Any CPU
		Release|x64 = Release|x64
		Release|x86 = Release|x86
	EndGlobalSection
	GlobalSection(ProjectConfigurationPlatforms) = postSolution
		{890C554E-89EF-4C16-99C0-A44D46DA8493}.Debug|Any CPU.ActiveCfg = Debug|Any CPU
		{890C554E-89EF-4C16-99C0-A44D46DA8493}.Debug|Any CPU.Build.0 = Debug|Any CPU
		{890C554E-89EF-4C16-99C0-A44D46DA8493}.Debug|x64.ActiveCfg = Debug|Any CPU
		{890C554E-89EF-4C16-99C0-A44D46DA8493}.Debug|x64.Build.0 = Debug|Any CPU
		{890C554E-89EF-4C16-99C0-A44D46DA8493}.Debug|x86.ActiveCfg = Debug|Any CPU
		{890C554E-89EF-4C16-99C0-A44D46DA8493}.Debug|x86.Build.0 = Debug|Any CPU
		{890C554E-89EF-4C16-99C0-A44D46DA8493}.Release|Any CPU.ActiveCfg = Release|Any CPU
		{890C554E-89EF-4C16-99C0-A44D46DA8493}.Release|Any CPU.Build.0 = Release|Any CPU
		{890C554E-89EF-4C16-99C0-A44D46DA8493}.Release|x64.ActiveCfg = Release|Any CPU
		{890C554E-89EF-4C16-99C0-A44D46DA8493}.Release|x64.Build.0 = Release|Any CPU
		{890C554E-89EF-4C16-99C0-A44D46DA8493}.Release|x86.ActiveCfg = Release|Any CPU
		{890C554E-89EF-4C16-99C0-A44D46DA8493}.Release|x86.Build.0 = Release|Any CPU
		{23A7601C-CB3E-480B-A4D7-56370DE4F6A3}.Debug|Any CPU.ActiveCfg = Debug|Any CPU
		{23A7601C-CB3E-480B-A4D7-56370DE4F6A3}.Debug|Any CPU.Build.0 = Debug|Any CPU
		{23A7601C-CB3E-480B-A4D7-56370DE4F6A3}.Debug|x64.ActiveCfg = Debug|Any CPU
		{23A7601C-CB3E-480B-A4D7-56370DE4F6A3}.Debug|x64.Build.0 = Debug|Any CPU
		{23A7601C-CB3E-480B-A4D7-56370DE4F6A3}.Debug|x86.ActiveCfg = Debug|Any CPU
		{23A7601C-CB3E-480B-A4D7-56370DE4F6A3}.Debug|x86.Build.0 = Debug|Any CPU
		{23A7601C-CB3E-480B-A4D7-56370DE4F6A3}.Release|Any CPU.ActiveCfg = Release|Any CPU
		{23A7601C-CB3E-480B-A4D7-56370DE4F6A3}.Release|Any CPU.Build.0 = Release|Any CPU
		{23A7601C-CB3E-480B-A4D7-56370DE4F6A3}.Release|x64.ActiveCfg = Release|Any CPU
		{23A7601C-CB3E-480B-A4D7-56370DE4F6A3}.Release|x64.Build.0 = Release|Any CPU
		{23A7601C-CB3E-480B-A4D7-56370DE4F6A3}.Release|x86.ActiveCfg = Release|Any CPU
		{23A7601C-CB3E-480B-A4D7-56370DE4F6A3}.Release|x86.Build.0 = Release|Any CPU
	EndGlobalSection
	GlobalSection(SolutionProperties) = preSolution
		HideSolutionNode = FALSE
	EndGlobalSection
	GlobalSection(ExtensibilityGlobals) = postSolution
		SolutionGuid = {9B920C94-BAA2-45A5-A0D7-C23B57BAAE47}
	EndGlobalSection
EndGlobal
